
Microsoft Visual Studio Solution File, Format Version 12.00
# Visual Studio 15
VisualStudioVersion = 15.0.27130.2027
MinimumVisualStudioVersion = 10.0.40219.1
Project("{9A19103F-16F7-4668-BE54-9A1E7A4F7556}") = "aspnetwebapi", "aspnetwebapi.csproj", "{A25ADDF0-0C4E-45B6-8E36-E442990C05F3}"
EndProject
Global
	GlobalSection(SolutionConfigurationPlatforms) = preSolution
		Debug|Any CPU = Debug|Any CPU
		Release|Any CPU = Release|Any CPU
	EndGlobalSection
	GlobalSection(ProjectConfigurationPlatforms) = postSolution
		{A25ADDF0-0C4E-45B6-8E36-E442990C05F3}.Debug|Any CPU.ActiveCfg = Debug|Any CPU
		{A25ADDF0-0C4E-45B6-8E36-E442990C05F3}.Debug|Any CPU.Build.0 = Debug|Any CPU
		{A25ADDF0-0C4E-45B6-8E36-E442990C05F3}.Release|Any CPU.ActiveCfg = Release|Any CPU
		{A25ADDF0-0C4E-45B6-8E36-E442990C05F3}.Release|Any CPU.Build.0 = Release|Any CPU
	EndGlobalSection
	GlobalSection(SolutionProperties) = preSolution
		HideSolutionNode = FALSE
	EndGlobalSection
	GlobalSection(ExtensibilityGlobals) = postSolution
		SolutionGuid = {1D190F1B-166A-4949-A304-CF213C7F214C}
	EndGlobalSection
EndGlobal
